
Microsoft Visual Studio Solution File, Format Version 12.00
# Visual Studio Version 17
VisualStudioVersion = 17.14.36203.30 d17.14
MinimumVisualStudioVersion = 10.0.40219.1
Project("{FAE04EC0-301F-11D3-BF4B-00C04F79EFBC}") = "git_cs01", "git_cs01\git_cs01.csproj", "{65F58819-8EB3-4610-9827-FEC42838D68B}"
EndProject
Global
	GlobalSection(SolutionConfigurationPlatforms) = preSolution
		Debug|Any CPU = Debug|Any CPU
		Release|Any CPU = Release|Any CPU
	EndGlobalSection
	GlobalSection(ProjectConfigurationPlatforms) = postSolution
		{65F58819-8EB3-4610-9827-FEC42838D68B}.Debug|Any CPU.ActiveCfg = Debug|Any CPU
		{65F58819-8EB3-4610-9827-FEC42838D68B}.Debug|Any CPU.Build.0 = Debug|Any CPU
		{65F58819-8EB3-4610-9827-FEC42838D68B}.Release|Any CPU.ActiveCfg = Release|Any CPU
		{65F58819-8EB3-4610-9827-FEC42838D68B}.Release|Any CPU.Build.0 = Release|Any CPU
	EndGlobalSection
	GlobalSection(SolutionProperties) = preSolution
		HideSolutionNode = FALSE
	EndGlobalSection
	GlobalSection(ExtensibilityGlobals) = postSolution
		SolutionGuid = {EE9F466F-4073-40E4-9020-FEB8C0D9070A}
	EndGlobalSection
EndGlobal
